
Microsoft Visual Studio Solution File, Format Version 12.00
# Visual Studio Version 17
VisualStudioVersion = 17.2.32602.215
MinimumVisualStudioVersion = 10.0.40219.1
Project("{FAE04EC0-301F-11D3-BF4B-00C04F79EFBC}") = "AquariusDivinations", "AquariusDivinations\AquariusDivinations.csproj", "{AB2BDB4E-9080-4FBC-AD30-6DCE101CEDAC}"
EndProject
Global
	GlobalSection(SolutionConfigurationPlatforms) = preSolution
		Debug|Any CPU = Debug|Any CPU
		Release|Any CPU = Release|Any CPU
	EndGlobalSection
	GlobalSection(ProjectConfigurationPlatforms) = postSolution
		{AB2BDB4E-9080-4FBC-AD30-6DCE101CEDAC}.Debug|Any CPU.ActiveCfg = Debug|Any CPU
		{AB2BDB4E-9080-4FBC-AD30-6DCE101CEDAC}.Debug|Any CPU.Build.0 = Debug|Any CPU
		{AB2BDB4E-9080-4FBC-AD30-6DCE101CEDAC}.Release|Any CPU.ActiveCfg = Release|Any CPU
		{AB2BDB4E-9080-4FBC-AD30-6DCE101CEDAC}.Release|Any CPU.Build.0 = Release|Any CPU
	EndGlobalSection
	GlobalSection(SolutionProperties) = preSolution
		HideSolutionNode = FALSE
	EndGlobalSection
	GlobalSection(ExtensibilityGlobals) = postSolution
		SolutionGuid = {C61397C8-D6D0-4B25-AB11-0C1ADB96D2DF}
	EndGlobalSection
EndGlobal
